
Microsoft Visual Studio Solution File, Format Version 12.00
# Visual Studio Version 16
VisualStudioVersion = 16.0.34031.81
MinimumVisualStudioVersion = 10.0.40219.1
Project("{FC65038C-1B2F-41E1-A629-BED71D161FFF}") = "AcademyProjectCustAttributes (USR) [AccademyCustomerAttribute]", "AcademyProjectCustAttributes.rnrproj", "{162950F0-48E7-4B19-9B75-8314DF80788E}"
EndProject
Global
	GlobalSection(SolutionConfigurationPlatforms) = preSolution
		Debug|Any CPU = Debug|Any CPU
	EndGlobalSection
	GlobalSection(ProjectConfigurationPlatforms) = postSolution
		{162950F0-48E7-4B19-9B75-8314DF80788E}.Debug|Any CPU.ActiveCfg = Debug|Any CPU
		{162950F0-48E7-4B19-9B75-8314DF80788E}.Debug|Any CPU.Build.0 = Debug|Any CPU
	EndGlobalSection
	GlobalSection(SolutionProperties) = preSolution
		HideSolutionNode = FALSE
	EndGlobalSection
	GlobalSection(ExtensibilityGlobals) = postSolution
		SolutionGuid = {D79BACCD-2488-46B9-B50C-0160A2418840}
	EndGlobalSection
EndGlobal
